// !$*UTF8*$!
{
	archiveVersion = 1;
	classes = {
	};
	objectVersion = 56;
	objects = {

/* Begin PBXBuildFile section */
		56DD5C3E290825CA009D1EBB /* HugeDatabaseApp.swift in Sources */ = {isa = PBXBuildFile; fileRef = 56DD5C3D290825CA009D1EBB /* HugeDatabaseApp.swift */; };
		56DD5C40290825CA009D1EBB /* ContentView.swift in Sources */ = {isa = PBXBuildFile; fileRef = 56DD5C3F290825CA009D1EBB /* ContentView.swift */; };
		56DD5C42290825CC009D1EBB /* Assets.xcassets in Resources */ = {isa = PBXBuildFile; fileRef = 56DD5C41290825CC009D1EBB /* Assets.xcassets */; };
		56DD5C45290825CC009D1EBB /* Preview Assets.xcassets in Resources */ = {isa = PBXBuildFile; fileRef = 56DD5C44290825CC009D1EBB /* Preview Assets.xcassets */; };
		56DD5C52290830AE009D1EBB /* HugeDatabaseTests.swift in Sources */ = {isa = PBXBuildFile; fileRef = 56DD5C51290830AE009D1EBB /* HugeDatabaseTests.swift */; };
		56DD5C59290834F0009D1EBB /* README.md in Resources */ = {isa = PBXBuildFile; fileRef = 56DD5C58290834EF009D1EBB /* README.md */; };
		FA07D45F294B6070002F8FCA /* Word.swift in Sources */ = {isa = PBXBuildFile; fileRef = FA07D45E294B6070002F8FCA /* Word.swift */; };
		FA07D473294B6CA1002F8FCA /* HugeDataBaseService.swift in Sources */ = {isa = PBXBuildFile; fileRef = FA07D472294B6CA1002F8FCA /* HugeDataBaseService.swift */; };
		FA07D475294B6D5D002F8FCA /* NetworkingError.swift in Sources */ = {isa = PBXBuildFile; fileRef = FA07D474294B6D5D002F8FCA /* NetworkingError.swift */; };
		FA07D477294BA45E002F8FCA /* ContentViewModel.swift in Sources */ = {isa = PBXBuildFile; fileRef = FA07D476294BA45E002F8FCA /* ContentViewModel.swift */; };
		FA07D47A294C5FF7002F8FCA /* DefaultButtonFormatting.swift in Sources */ = {isa = PBXBuildFile; fileRef = FA07D479294C5FF7002F8FCA /* DefaultButtonFormatting.swift */; };
		FA07D47C294C63D4002F8FCA /* PressableButtonStyle.swift in Sources */ = {isa = PBXBuildFile; fileRef = FA07D47B294C63D4002F8FCA /* PressableButtonStyle.swift */; };
		FAC25D26296B563400DC7799 /* WordDataService.swift in Sources */ = {isa = PBXBuildFile; fileRef = FAC25D25296B563400DC7799 /* WordDataService.swift */; };
		FAC25D2C296B570A00DC7799 /* WordContainer.xcdatamodeld in Sources */ = {isa = PBXBuildFile; fileRef = FAC25D2A296B570A00DC7799 /* WordContainer.xcdatamodeld */; };
/* End PBXBuildFile section */

/* Begin PBXContainerItemProxy section */
		56DD5C53290830AE009D1EBB /* PBXContainerItemProxy */ = {
			isa = PBXContainerItemProxy;
			containerPortal = 56DD5C32290825CA009D1EBB /* Project object */;
			proxyType = 1;
			remoteGlobalIDString = 56DD5C39290825CA009D1EBB;
			remoteInfo = HugeDatabase;
		};
/* End PBXContainerItemProxy section */

/* Begin PBXFileReference section */
		56DD5C3A290825CA009D1EBB /* HugeDatabase.app */ = {isa = PBXFileReference; explicitFileType = wrapper.application; includeInIndex = 0; path = HugeDatabase.app; sourceTree = BUILT_PRODUCTS_DIR; };
		56DD5C3D290825CA009D1EBB /* HugeDatabaseApp.swift */ = {isa = PBXFileReference; lastKnownFileType = sourcecode.swift; path = HugeDatabaseApp.swift; sourceTree = "<group>"; };
		56DD5C3F290825CA009D1EBB /* ContentView.swift */ = {isa = PBXFileReference; lastKnownFileType = sourcecode.swift; path = ContentView.swift; sourceTree = "<group>"; };
		56DD5C41290825CC009D1EBB /* Assets.xcassets */ = {isa = PBXFileReference; lastKnownFileType = folder.assetcatalog; path = Assets.xcassets; sourceTree = "<group>"; };
		56DD5C44290825CC009D1EBB /* Preview Assets.xcassets */ = {isa = PBXFileReference; lastKnownFileType = folder.assetcatalog; path = "Preview Assets.xcassets"; sourceTree = "<group>"; };
		56DD5C4F290830AE009D1EBB /* HugeDatabaseTests.xctest */ = {isa = PBXFileReference; explicitFileType = wrapper.cfbundle; includeInIndex = 0; path = HugeDatabaseTests.xctest; sourceTree = BUILT_PRODUCTS_DIR; };
		56DD5C51290830AE009D1EBB /* HugeDatabaseTests.swift */ = {isa = PBXFileReference; lastKnownFileType = sourcecode.swift; path = HugeDatabaseTests.swift; sourceTree = "<group>"; };
		56DD5C58290834EF009D1EBB /* README.md */ = {isa = PBXFileReference; fileEncoding = 4; lastKnownFileType = net.daringfireball.markdown; path = README.md; sourceTree = "<group>"; };
		FA07D45E294B6070002F8FCA /* Word.swift */ = {isa = PBXFileReference; lastKnownFileType = sourcecode.swift; path = Word.swift; sourceTree = "<group>"; };
		FA07D472294B6CA1002F8FCA /* HugeDataBaseService.swift */ = {isa = PBXFileReference; lastKnownFileType = sourcecode.swift; path = HugeDataBaseService.swift; sourceTree = "<group>"; };
		FA07D474294B6D5D002F8FCA /* NetworkingError.swift */ = {isa = PBXFileReference; lastKnownFileType = sourcecode.swift; path = NetworkingError.swift; sourceTree = "<group>"; };
		FA07D476294BA45E002F8FCA /* ContentViewModel.swift */ = {isa = PBXFileReference; lastKnownFileType = sourcecode.swift; path = ContentViewModel.swift; sourceTree = "<group>"; };
		FA07D479294C5FF7002F8FCA /* DefaultButtonFormatting.swift */ = {isa = PBXFileReference; lastKnownFileType = sourcecode.swift; path = DefaultButtonFormatting.swift; sourceTree = "<group>"; };
		FA07D47B294C63D4002F8FCA /* PressableButtonStyle.swift */ = {isa = PBXFileReference; lastKnownFileType = sourcecode.swift; path = PressableButtonStyle.swift; sourceTree = "<group>"; };
		FAC25D25296B563400DC7799 /* WordDataService.swift */ = {isa = PBXFileReference; lastKnownFileType = sourcecode.swift; path = WordDataService.swift; sourceTree = "<group>"; };
		FAC25D2B296B570A00DC7799 /* WordContainer.xcdatamodel */ = {isa = PBXFileReference; lastKnownFileType = wrapper.xcdatamodel; path = WordContainer.xcdatamodel; sourceTree = "<group>"; };
/* End PBXFileReference section */

/* Begin PBXFrameworksBuildPhase section */
		56DD5C37290825CA009D1EBB /* Frameworks */ = {
			isa = PBXFrameworksBuildPhase;
			buildActionMask = 2147483647;
			files = (
			);
			runOnlyForDeploymentPostprocessing = 0;
		};
		56DD5C4C290830AE009D1EBB /* Frameworks */ = {
			isa = PBXFrameworksBuildPhase;
			buildActionMask = 2147483647;
			files = (
			);
			runOnlyForDeploymentPostprocessing = 0;
		};
/* End PBXFrameworksBuildPhase section */

/* Begin PBXGroup section */
		56DD5C31290825CA009D1EBB = {
			isa = PBXGroup;
			children = (
				56DD5C58290834EF009D1EBB /* README.md */,
				56DD5C3C290825CA009D1EBB /* HugeDatabase */,
				56DD5C50290830AE009D1EBB /* HugeDatabaseTests */,
				56DD5C3B290825CA009D1EBB /* Products */,
			);
			sourceTree = "<group>";
		};
		56DD5C3B290825CA009D1EBB /* Products */ = {
			isa = PBXGroup;
			children = (
				56DD5C3A290825CA009D1EBB /* HugeDatabase.app */,
				56DD5C4F290830AE009D1EBB /* HugeDatabaseTests.xctest */,
			);
			name = Products;
			sourceTree = "<group>";
		};
		56DD5C3C290825CA009D1EBB /* HugeDatabase */ = {
			isa = PBXGroup;
			children = (
				56DD5C3D290825CA009D1EBB /* HugeDatabaseApp.swift */,
				FAC25D21296B54E800DC7799 /* CoreData */,
				FA07D478294C5FB2002F8FCA /* Utilities */,
				FA07D45D294B5F95002F8FCA /* Network */,
				FA07D45C294B5D74002F8FCA /* Model */,
				FA07D45B294B5D5A002F8FCA /* View */,
				FA07D45A294B5D41002F8FCA /* ViewModel */,
				56DD5C41290825CC009D1EBB /* Assets.xcassets */,
				56DD5C43290825CC009D1EBB /* Preview Content */,
			);
			path = HugeDatabase;
			sourceTree = "<group>";
		};
		56DD5C43290825CC009D1EBB /* Preview Content */ = {
			isa = PBXGroup;
			children = (
				56DD5C44290825CC009D1EBB /* Preview Assets.xcassets */,
			);
			path = "Preview Content";
			sourceTree = "<group>";
		};
		56DD5C50290830AE009D1EBB /* HugeDatabaseTests */ = {
			isa = PBXGroup;
			children = (
				56DD5C51290830AE009D1EBB /* HugeDatabaseTests.swift */,
			);
			path = HugeDatabaseTests;
			sourceTree = "<group>";
		};
		FA07D45A294B5D41002F8FCA /* ViewModel */ = {
			isa = PBXGroup;
			children = (
				FA07D476294BA45E002F8FCA /* ContentViewModel.swift */,
			);
			path = ViewModel;
			sourceTree = "<group>";
		};
		FA07D45B294B5D5A002F8FCA /* View */ = {
			isa = PBXGroup;
			children = (
				56DD5C3F290825CA009D1EBB /* ContentView.swift */,
			);
			path = View;
			sourceTree = "<group>";
		};
		FA07D45C294B5D74002F8FCA /* Model */ = {
			isa = PBXGroup;
			children = (
				FA07D45E294B6070002F8FCA /* Word.swift */,
			);
			path = Model;
			sourceTree = "<group>";
		};
		FA07D45D294B5F95002F8FCA /* Network */ = {
			isa = PBXGroup;
			children = (
				FA07D474294B6D5D002F8FCA /* NetworkingError.swift */,
				FA07D472294B6CA1002F8FCA /* HugeDataBaseService.swift */,
			);
			path = Network;
			sourceTree = "<group>";
		};
		FA07D478294C5FB2002F8FCA /* Utilities */ = {
			isa = PBXGroup;
			children = (
				FA07D479294C5FF7002F8FCA /* DefaultButtonFormatting.swift */,
				FA07D47B294C63D4002F8FCA /* PressableButtonStyle.swift */,
			);
			path = Utilities;
			sourceTree = "<group>";
		};
		FAC25D21296B54E800DC7799 /* CoreData */ = {
			isa = PBXGroup;
			children = (
				FAC25D25296B563400DC7799 /* WordDataService.swift */,
				FAC25D2A296B570A00DC7799 /* WordContainer.xcdatamodeld */,
			);
			path = CoreData;
			sourceTree = "<group>";
		};
/* End PBXGroup section */

/* Begin PBXNativeTarget section */
		56DD5C39290825CA009D1EBB /* HugeDatabase */ = {
			isa = PBXNativeTarget;
			buildConfigurationList = 56DD5C48290825CC009D1EBB /* Build configuration list for PBXNativeTarget "HugeDatabase" */;
			buildPhases = (
				56DD5C36290825CA009D1EBB /* Sources */,
				56DD5C37290825CA009D1EBB /* Frameworks */,
				56DD5C38290825CA009D1EBB /* Resources */,
			);
			buildRules = (
			);
			dependencies = (
			);
			name = HugeDatabase;
			productName = HugeDatabase;
			productReference = 56DD5C3A290825CA009D1EBB /* HugeDatabase.app */;
			productType = "com.apple.product-type.application";
		};
		56DD5C4E290830AE009D1EBB /* HugeDatabaseTests */ = {
			isa = PBXNativeTarget;
			buildConfigurationList = 56DD5C55290830AE009D1EBB /* Build configuration list for PBXNativeTarget "HugeDatabaseTests" */;
			buildPhases = (
				56DD5C4B290830AE009D1EBB /* Sources */,
				56DD5C4C290830AE009D1EBB /* Frameworks */,
				56DD5C4D290830AE009D1EBB /* Resources */,
			);
			buildRules = (
			);
			dependencies = (
				56DD5C54290830AE009D1EBB /* PBXTargetDependency */,
			);
			name = HugeDatabaseTests;
			productName = HugeDatabaseTests;
			productReference = 56DD5C4F290830AE009D1EBB /* HugeDatabaseTests.xctest */;
			productType = "com.apple.product-type.bundle.unit-test";
		};
/* End PBXNativeTarget section */

/* Begin PBXProject section */
		56DD5C32290825CA009D1EBB /* Project object */ = {
			isa = PBXProject;
			attributes = {
				BuildIndependentTargetsInParallel = 1;
				LastSwiftUpdateCheck = 1400;
				LastUpgradeCheck = 1400;
				TargetAttributes = {
					56DD5C39290825CA009D1EBB = {
						CreatedOnToolsVersion = 14.0.1;
					};
					56DD5C4E290830AE009D1EBB = {
						CreatedOnToolsVersion = 14.0.1;
						TestTargetID = 56DD5C39290825CA009D1EBB;
					};
				};
			};
			buildConfigurationList = 56DD5C35290825CA009D1EBB /* Build configuration list for PBXProject "HugeDatabase" */;
			compatibilityVersion = "Xcode 14.0";
			developmentRegion = en;
			hasScannedForEncodings = 0;
			knownRegions = (
				en,
				Base,
			);
			mainGroup = 56DD5C31290825CA009D1EBB;
			productRefGroup = 56DD5C3B290825CA009D1EBB /* Products */;
			projectDirPath = "";
			projectRoot = "";
			targets = (
				56DD5C39290825CA009D1EBB /* HugeDatabase */,
				56DD5C4E290830AE009D1EBB /* HugeDatabaseTests */,
			);
		};
/* End PBXProject section */

/* Begin PBXResourcesBuildPhase section */
		56DD5C38290825CA009D1EBB /* Resources */ = {
			isa = PBXResourcesBuildPhase;
			buildActionMask = 2147483647;
			files = (
				56DD5C59290834F0009D1EBB /* README.md in Resources */,
				56DD5C45290825CC009D1EBB /* Preview Assets.xcassets in Resources */,
				56DD5C42290825CC009D1EBB /* Assets.xcassets in Resources */,
			);
			runOnlyForDeploymentPostprocessing = 0;
		};
		56DD5C4D290830AE009D1EBB /* Resources */ = {
			isa = PBXResourcesBuildPhase;
			buildActionMask = 2147483647;
			files = (
			);
			runOnlyForDeploymentPostprocessing = 0;
		};
/* End PBXResourcesBuildPhase section */

/* Begin PBXSourcesBuildPhase section */
		56DD5C36290825CA009D1EBB /* Sources */ = {
			isa = PBXSourcesBuildPhase;
			buildActionMask = 2147483647;
			files = (
				FAC25D26296B563400DC7799 /* WordDataService.swift in Sources */,
				56DD5C40290825CA009D1EBB /* ContentView.swift in Sources */,
				56DD5C3E290825CA009D1EBB /* HugeDatabaseApp.swift in Sources */,
				FA07D47A294C5FF7002F8FCA /* DefaultButtonFormatting.swift in Sources */,
				FA07D47C294C63D4002F8FCA /* PressableButtonStyle.swift in Sources */,
				FAC25D2C296B570A00DC7799 /* WordContainer.xcdatamodeld in Sources */,
				FA07D477294BA45E002F8FCA /* ContentViewModel.swift in Sources */,
				FA07D45F294B6070002F8FCA /* Word.swift in Sources */,
				FA07D473294B6CA1002F8FCA /* HugeDataBaseService.swift in Sources */,
				FA07D475294B6D5D002F8FCA /* NetworkingError.swift in Sources */,
			);
			runOnlyForDeploymentPostprocessing = 0;
		};
		56DD5C4B290830AE009D1EBB /* Sources */ = {
			isa = PBXSourcesBuildPhase;
			buildActionMask = 2147483647;
			files = (
				56DD5C52290830AE009D1EBB /* HugeDatabaseTests.swift in Sources */,
			);
			runOnlyForDeploymentPostprocessing = 0;
		};
/* End PBXSourcesBuildPhase section */

/* Begin PBXTargetDependency section */
		56DD5C54290830AE009D1EBB /* PBXTargetDependency */ = {
			isa = PBXTargetDependency;
			target = 56DD5C39290825CA009D1EBB /* HugeDatabase */;
			targetProxy = 56DD5C53290830AE009D1EBB /* PBXContainerItemProxy */;
		};
/* End PBXTargetDependency section */

/* Begin XCBuildConfiguration section */
		56DD5C46290825CC009D1EBB /* Debug */ = {
			isa = XCBuildConfiguration;
			buildSettings = {
				ALWAYS_SEARCH_USER_PATHS = NO;
				CLANG_ANALYZER_NONNULL = YES;
				CLANG_ANALYZER_NUMBER_OBJECT_CONVERSION = YES_AGGRESSIVE;
				CLANG_CXX_LANGUAGE_STANDARD = "gnu++20";
				CLANG_ENABLE_MODULES = YES;
				CLANG_ENABLE_OBJC_ARC = YES;
				CLANG_ENABLE_OBJC_WEAK = YES;
				CLANG_WARN_BLOCK_CAPTURE_AUTORELEASING = YES;
				CLANG_WARN_BOOL_CONVERSION = YES;
				CLANG_WARN_COMMA = YES;
				CLANG_WARN_CONSTANT_CONVERSION = YES;
				CLANG_WARN_DEPRECATED_OBJC_IMPLEMENTATIONS = YES;
				CLANG_WARN_DIRECT_OBJC_ISA_USAGE = YES_ERROR;
				CLANG_WARN_DOCUMENTATION_COMMENTS = YES;
				CLANG_WARN_EMPTY_BODY = YES;
				CLANG_WARN_ENUM_CONVERSION = YES;
				CLANG_WARN_INFINITE_RECURSION = YES;
				CLANG_WARN_INT_CONVERSION = YES;
				CLANG_WARN_NON_LITERAL_NULL_CONVERSION = YES;
				CLANG_WARN_OBJC_IMPLICIT_RETAIN_SELF = YES;
				CLANG_WARN_OBJC_LITERAL_CONVERSION = YES;
				CLANG_WARN_OBJC_ROOT_CLASS = YES_ERROR;
				CLANG_WARN_QUOTED_INCLUDE_IN_FRAMEWORK_HEADER = YES;
				CLANG_WARN_RANGE_LOOP_ANALYSIS = YES;
				CLANG_WARN_STRICT_PROTOTYPES = YES;
				CLANG_WARN_SUSPICIOUS_MOVE = YES;
				CLANG_WARN_UNGUARDED_AVAILABILITY = YES_AGGRESSIVE;
				CLANG_WARN_UNREACHABLE_CODE = YES;
				CLANG_WARN__DUPLICATE_METHOD_MATCH = YES;
				COPY_PHASE_STRIP = NO;
				DEBUG_INFORMATION_FORMAT = dwarf;
				ENABLE_STRICT_OBJC_MSGSEND = YES;
				ENABLE_TESTABILITY = YES;
				GCC_C_LANGUAGE_STANDARD = gnu11;
				GCC_DYNAMIC_NO_PIC = NO;
				GCC_NO_COMMON_BLOCKS = YES;
				GCC_OPTIMIZATION_LEVEL = 0;
				GCC_PREPROCESSOR_DEFINITIONS = (
					"DEBUG=1",
					"$(inherited)",
				);
				GCC_WARN_64_TO_32_BIT_CONVERSION = YES;
				GCC_WARN_ABOUT_RETURN_TYPE = YES_ERROR;
				GCC_WARN_UNDECLARED_SELECTOR = YES;
				GCC_WARN_UNINITIALIZED_AUTOS = YES_AGGRESSIVE;
				GCC_WARN_UNUSED_FUNCTION = YES;
				GCC_WARN_UNUSED_VARIABLE = YES;
				IPHONEOS_DEPLOYMENT_TARGET = 15.0;
				MTL_ENABLE_DEBUG_INFO = INCLUDE_SOURCE;
				MTL_FAST_MATH = YES;
				ONLY_ACTIVE_ARCH = YES;
				SDKROOT = iphoneos;
				SWIFT_ACTIVE_COMPILATION_CONDITIONS = DEBUG;
				SWIFT_OPTIMIZATION_LEVEL = "-Onone";
			};
			name = Debug;
		};
		56DD5C47290825CC009D1EBB /* Release */ = {
			isa = XCBuildConfiguration;
			buildSettings = {
				ALWAYS_SEARCH_USER_PATHS = NO;
				CLANG_ANALYZER_NONNULL = YES;
				CLANG_ANALYZER_NUMBER_OBJECT_CONVERSION = YES_AGGRESSIVE;
				CLANG_CXX_LANGUAGE_STANDARD = "gnu++20";
				CLANG_ENABLE_MODULES = YES;
				CLANG_ENABLE_OBJC_ARC = YES;
				CLANG_ENABLE_OBJC_WEAK = YES;
				CLANG_WARN_BLOCK_CAPTURE_AUTORELEASING = YES;
				CLANG_WARN_BOOL_CONVERSION = YES;
				CLANG_WARN_COMMA = YES;
				CLANG_WARN_CONSTANT_CONVERSION = YES;
				CLANG_WARN_DEPRECATED_OBJC_IMPLEMENTATIONS = YES;
				CLANG_WARN_DIRECT_OBJC_ISA_USAGE = YES_ERROR;
				CLANG_WARN_DOCUMENTATION_COMMENTS = YES;
				CLANG_WARN_EMPTY_BODY = YES;
				CLANG_WARN_ENUM_CONVERSION = YES;
				CLANG_WARN_INFINITE_RECURSION = YES;
				CLANG_WARN_INT_CONVERSION = YES;
				CLANG_WARN_NON_LITERAL_NULL_CONVERSION = YES;
				CLANG_WARN_OBJC_IMPLICIT_RETAIN_SELF = YES;
				CLANG_WARN_OBJC_LITERAL_CONVERSION = YES;
				CLANG_WARN_OBJC_ROOT_CLASS = YES_ERROR;
				CLANG_WARN_QUOTED_INCLUDE_IN_FRAMEWORK_HEADER = YES;
				CLANG_WARN_RANGE_LOOP_ANALYSIS = YES;
				CLANG_WARN_STRICT_PROTOTYPES = YES;
				CLANG_WARN_SUSPICIOUS_MOVE = YES;
				CLANG_WARN_UNGUARDED_AVAILABILITY = YES_AGGRESSIVE;
				CLANG_WARN_UNREACHABLE_CODE = YES;
				CLANG_WARN__DUPLICATE_METHOD_MATCH = YES;
				COPY_PHASE_STRIP = NO;
				DEBUG_INFORMATION_FORMAT = "dwarf-with-dsym";
				ENABLE_NS_ASSERTIONS = NO;
				ENABLE_STRICT_OBJC_MSGSEND = YES;
				GCC_C_LANGUAGE_STANDARD = gnu11;
				GCC_NO_COMMON_BLOCKS = YES;
				GCC_WARN_64_TO_32_BIT_CONVERSION = YES;
				GCC_WARN_ABOUT_RETURN_TYPE = YES_ERROR;
				GCC_WARN_UNDECLARED_SELECTOR = YES;
				GCC_WARN_UNINITIALIZED_AUTOS = YES_AGGRESSIVE;
				GCC_WARN_UNUSED_FUNCTION = YES;
				GCC_WARN_UNUSED_VARIABLE = YES;
				IPHONEOS_DEPLOYMENT_TARGET = 15.0;
				MTL_ENABLE_DEBUG_INFO = NO;
				MTL_FAST_MATH = YES;
				SDKROOT = iphoneos;
				SWIFT_COMPILATION_MODE = wholemodule;
				SWIFT_OPTIMIZATION_LEVEL = "-O";
				VALIDATE_PRODUCT = YES;
			};
			name = Release;
		};
		56DD5C49290825CC009D1EBB /* Debug */ = {
			isa = XCBuildConfiguration;
			buildSettings = {
				ASSETCATALOG_COMPILER_APPICON_NAME = AppIcon;
				ASSETCATALOG_COMPILER_GLOBAL_ACCENT_COLOR_NAME = AccentColor;
				CODE_SIGN_STYLE = Automatic;
				CURRENT_PROJECT_VERSION = 1;
				DEVELOPMENT_ASSET_PATHS = "\"HugeDatabase/Preview Content\"";
				DEVELOPMENT_TEAM = 8PJ45T947H;
				ENABLE_PREVIEWS = YES;
				GENERATE_INFOPLIST_FILE = YES;
				INFOPLIST_KEY_UIApplicationSceneManifest_Generation = YES;
				INFOPLIST_KEY_UIApplicationSupportsIndirectInputEvents = YES;
				INFOPLIST_KEY_UILaunchScreen_Generation = YES;
				INFOPLIST_KEY_UISupportedInterfaceOrientations = UIInterfaceOrientationPortrait;
				INFOPLIST_KEY_UISupportedInterfaceOrientations_iPad = "UIInterfaceOrientationLandscapeLeft UIInterfaceOrientationLandscapeRight UIInterfaceOrientationPortrait";
				LD_RUNPATH_SEARCH_PATHS = (
					"$(inherited)",
					"@executable_path/Frameworks",
				);
				MARKETING_VERSION = 1.0;
				PRODUCT_BUNDLE_IDENTIFIER = com.rosqoe.HugeDatabase;
				PRODUCT_NAME = "$(TARGET_NAME)";
				SUPPORTED_PLATFORMS = "iphoneos iphonesimulator";
				SUPPORTS_MACCATALYST = NO;
				SUPPORTS_MAC_DESIGNED_FOR_IPHONE_IPAD = YES;
				SWIFT_EMIT_LOC_STRINGS = YES;
				SWIFT_VERSION = 5.0;
				TARGETED_DEVICE_FAMILY = 1;
			};
			name = Debug;
		};
		56DD5C4A290825CC009D1EBB /* Release */ = {
			isa = XCBuildConfiguration;
			buildSettings = {
				ASSETCATALOG_COMPILER_APPICON_NAME = AppIcon;
				ASSETCATALOG_COMPILER_GLOBAL_ACCENT_COLOR_NAME = AccentColor;
				CODE_SIGN_STYLE = Automatic;
				CURRENT_PROJECT_VERSION = 1;
				DEVELOPMENT_ASSET_PATHS = "\"HugeDatabase/Preview Content\"";
				DEVELOPMENT_TEAM = 8PJ45T947H;
				ENABLE_PREVIEWS = YES;
				GENERATE_INFOPLIST_FILE = YES;
				INFOPLIST_KEY_UIApplicationSceneManifest_Generation = YES;
				INFOPLIST_KEY_UIApplicationSupportsIndirectInputEvents = YES;
				INFOPLIST_KEY_UILaunchScreen_Generation = YES;
				INFOPLIST_KEY_UISupportedInterfaceOrientations = UIInterfaceOrientationPortrait;
				INFOPLIST_KEY_UISupportedInterfaceOrientations_iPad = "UIInterfaceOrientationLandscapeLeft UIInterfaceOrientationLandscapeRight UIInterfaceOrientationPortrait";
				LD_RUNPATH_SEARCH_PATHS = (
					"$(inherited)",
					"@executable_path/Frameworks",
				);
				MARKETING_VERSION = 1.0;
				PRODUCT_BUNDLE_IDENTIFIER = com.rosqoe.HugeDatabase;
				PRODUCT_NAME = "$(TARGET_NAME)";
				SUPPORTED_PLATFORMS = "iphoneos iphonesimulator";
				SUPPORTS_MACCATALYST = NO;
				SUPPORTS_MAC_DESIGNED_FOR_IPHONE_IPAD = YES;
				SWIFT_EMIT_LOC_STRINGS = YES;
				SWIFT_VERSION = 5.0;
				TARGETED_DEVICE_FAMILY = 1;
			};
			name = Release;
		};
		56DD5C56290830AE009D1EBB /* Debug */ = {
			isa = XCBuildConfiguration;
			buildSettings = {
				BUNDLE_LOADER = "$(TEST_HOST)";
				CODE_SIGN_STYLE = Automatic;
				CURRENT_PROJECT_VERSION = 1;
				DEVELOPMENT_TEAM = 8PJ45T947H;
				GENERATE_INFOPLIST_FILE = YES;
				IPHONEOS_DEPLOYMENT_TARGET = 16.0;
				MARKETING_VERSION = 1.0;
				PRODUCT_BUNDLE_IDENTIFIER = com.rosqoe.HugeDatabaseTests;
				PRODUCT_NAME = "$(TARGET_NAME)";
				SWIFT_EMIT_LOC_STRINGS = NO;
				SWIFT_VERSION = 5.0;
				TARGETED_DEVICE_FAMILY = "1,2";
				TEST_HOST = "$(BUILT_PRODUCTS_DIR)/HugeDatabase.app/$(BUNDLE_EXECUTABLE_FOLDER_PATH)/HugeDatabase";
			};
			name = Debug;
		};
		56DD5C57290830AE009D1EBB /* Release */ = {
			isa = XCBuildConfiguration;
			buildSettings = {
				BUNDLE_LOADER = "$(TEST_HOST)";
				CODE_SIGN_STYLE = Automatic;
				CURRENT_PROJECT_VERSION = 1;
				DEVELOPMENT_TEAM = 8PJ45T947H;
				GENERATE_INFOPLIST_FILE = YES;
				IPHONEOS_DEPLOYMENT_TARGET = 16.0;
				MARKETING_VERSION = 1.0;
				PRODUCT_BUNDLE_IDENTIFIER = com.rosqoe.HugeDatabaseTests;
				PRODUCT_NAME = "$(TARGET_NAME)";
				SWIFT_EMIT_LOC_STRINGS = NO;
				SWIFT_VERSION = 5.0;
				TARGETED_DEVICE_FAMILY = "1,2";
				TEST_HOST = "$(BUILT_PRODUCTS_DIR)/HugeDatabase.app/$(BUNDLE_EXECUTABLE_FOLDER_PATH)/HugeDatabase";
			};
			name = Release;
		};
/* End XCBuildConfiguration section */

/* Begin XCConfigurationList section */
		56DD5C35290825CA009D1EBB /* Build configuration list for PBXProject "HugeDatabase" */ = {
			isa = XCConfigurationList;
			buildConfigurations = (
				56DD5C46290825CC009D1EBB /* Debug */,
				56DD5C47290825CC009D1EBB /* Release */,
			);
			defaultConfigurationIsVisible = 0;
			defaultConfigurationName = Release;
		};
		56DD5C48290825CC009D1EBB /* Build configuration list for PBXNativeTarget "HugeDatabase" */ = {
			isa = XCConfigurationList;
			buildConfigurations = (
				56DD5C49290825CC009D1EBB /* Debug */,
				56DD5C4A290825CC009D1EBB /* Release */,
			);
			defaultConfigurationIsVisible = 0;
			defaultConfigurationName = Release;
		};
		56DD5C55290830AE009D1EBB /* Build configuration list for PBXNativeTarget "HugeDatabaseTests" */ = {
			isa = XCConfigurationList;
			buildConfigurations = (
				56DD5C56290830AE009D1EBB /* Debug */,
				56DD5C57290830AE009D1EBB /* Release */,
			);
			defaultConfigurationIsVisible = 0;
			defaultConfigurationName = Release;
		};
/* End XCConfigurationList section */

/* Begin XCVersionGroup section */
		FAC25D2A296B570A00DC7799 /* WordContainer.xcdatamodeld */ = {
			isa = XCVersionGroup;
			children = (
				FAC25D2B296B570A00DC7799 /* WordContainer.xcdatamodel */,
			);
			currentVersion = FAC25D2B296B570A00DC7799 /* WordContainer.xcdatamodel */;
			path = WordContainer.xcdatamodeld;
			sourceTree = "<group>";
			versionGroupType = wrapper.xcdatamodel;
		};
/* End XCVersionGroup section */
	};
	rootObject = 56DD5C32290825CA009D1EBB /* Project object */;
}
